
Microsoft Visual Studio Solution File, Format Version 12.00
# Visual Studio Version 17
VisualStudioVersion = 17.4.33403.182
MinimumVisualStudioVersion = 10.0.40219.1
Project("{FAE04EC0-301F-11D3-BF4B-00C04F79EFBC}") = "TesteHeranca", "TesteHeranca\TesteHeranca.csproj", "{73799697-2081-4067-9966-18EA2B7307C0}"
EndProject
Global
	GlobalSection(SolutionConfigurationPlatforms) = preSolution
		Debug|Any CPU = Debug|Any CPU
		Release|Any CPU = Release|Any CPU
	EndGlobalSection
	GlobalSection(ProjectConfigurationPlatforms) = postSolution
		{73799697-2081-4067-9966-18EA2B7307C0}.Debug|Any CPU.ActiveCfg = Debug|Any CPU
		{73799697-2081-4067-9966-18EA2B7307C0}.Debug|Any CPU.Build.0 = Debug|Any CPU
		{73799697-2081-4067-9966-18EA2B7307C0}.Release|Any CPU.ActiveCfg = Release|Any CPU
		{73799697-2081-4067-9966-18EA2B7307C0}.Release|Any CPU.Build.0 = Release|Any CPU
	EndGlobalSection
	GlobalSection(SolutionProperties) = preSolution
		HideSolutionNode = FALSE
	EndGlobalSection
	GlobalSection(ExtensibilityGlobals) = postSolution
		SolutionGuid = {B5948631-7ABC-46B0-A74F-C232E13305B6}
	EndGlobalSection
EndGlobal
